// !$*UTF8*$!
{
	archiveVersion = 1;
	classes = {
	};
	objectVersion = 46;
	objects = {

/* Begin PBXBuildFile section */
		1D3623260D0F684500981E51 /* FacebookConnectAppDelegate.m in Sources */ = {isa = PBXBuildFile; fileRef = 1D3623250D0F684500981E51 /* FacebookConnectAppDelegate.m */; };
		1D60589B0D05DD56006BFB54 /* main.m in Sources */ = {isa = PBXBuildFile; fileRef = 29B97316FDCFA39411CA2CEA /* main.m */; };
		1D60589F0D05DD5A006BFB54 /* Foundation.framework in Frameworks */ = {isa = PBXBuildFile; fileRef = 1D30AB110D05D00D00671497 /* Foundation.framework */; };
		1DF5F4E00D08C38300B7A737 /* UIKit.framework in Frameworks */ = {isa = PBXBuildFile; fileRef = 1DF5F4DF0D08C38300B7A737 /* UIKit.framework */; };
		2892E4100DC94CBA00A64D0F /* CoreGraphics.framework in Frameworks */ = {isa = PBXBuildFile; fileRef = 2892E40F0DC94CBA00A64D0F /* CoreGraphics.framework */; };
		28AD73600D9D9599002E5188 /* MainWindow.xib in Resources */ = {isa = PBXBuildFile; fileRef = 28AD735F0D9D9599002E5188 /* MainWindow.xib */; };
		28C286E10D94DF7D0034E888 /* RootViewController.m in Sources */ = {isa = PBXBuildFile; fileRef = 28C286E00D94DF7D0034E888 /* RootViewController.m */; };
		28F335F11007B36200424DE2 /* RootViewController.xib in Resources */ = {isa = PBXBuildFile; fileRef = 28F335F01007B36200424DE2 /* RootViewController.xib */; };
		2F59CC5813FA8B7100DBA74E /* not_there.jpg in Resources */ = {isa = PBXBuildFile; fileRef = 2F59CC5713FA8B7100DBA74E /* not_there.jpg */; };
		2FD75B5F13F53C22004C462F /* Facebook.m in Sources */ = {isa = PBXBuildFile; fileRef = 2FD75B4713F53C22004C462F /* Facebook.m */; };
		2FD75B6013F53C22004C462F /* FBDialog.bundle in Resources */ = {isa = PBXBuildFile; fileRef = 2FD75B4A13F53C22004C462F /* FBDialog.bundle */; };
		2FD75B6113F53C22004C462F /* FBDialog.m in Sources */ = {isa = PBXBuildFile; fileRef = 2FD75B4C13F53C22004C462F /* FBDialog.m */; };
		2FD75B6213F53C22004C462F /* FBLoginDialog.m in Sources */ = {isa = PBXBuildFile; fileRef = 2FD75B4E13F53C22004C462F /* FBLoginDialog.m */; };
		2FD75B6313F53C22004C462F /* FBRequest.m in Sources */ = {isa = PBXBuildFile; fileRef = 2FD75B5013F53C22004C462F /* FBRequest.m */; };
		2FD75B6413F53C22004C462F /* NSObject+SBJSON.m in Sources */ = {isa = PBXBuildFile; fileRef = 2FD75B5413F53C22004C462F /* NSObject+SBJSON.m */; };
		2FD75B6513F53C22004C462F /* NSString+SBJSON.m in Sources */ = {isa = PBXBuildFile; fileRef = 2FD75B5613F53C22004C462F /* NSString+SBJSON.m */; };
		2FD75B6613F53C22004C462F /* SBJSON.m in Sources */ = {isa = PBXBuildFile; fileRef = 2FD75B5813F53C22004C462F /* SBJSON.m */; };
		2FD75B6713F53C22004C462F /* SBJsonBase.m in Sources */ = {isa = PBXBuildFile; fileRef = 2FD75B5A13F53C22004C462F /* SBJsonBase.m */; };
		2FD75B6813F53C22004C462F /* SBJsonParser.m in Sources */ = {isa = PBXBuildFile; fileRef = 2FD75B5C13F53C22004C462F /* SBJsonParser.m */; };
		2FD75B6913F53C22004C462F /* SBJsonWriter.m in Sources */ = {isa = PBXBuildFile; fileRef = 2FD75B5E13F53C22004C462F /* SBJsonWriter.m */; };
		2FD75DD913FA49D8004C462F /* AsynchronousImageDownloader.m in Sources */ = {isa = PBXBuildFile; fileRef = 2FD75DD813FA49D8004C462F /* AsynchronousImageDownloader.m */; };
/* End PBXBuildFile section */

/* Begin PBXContainerItemProxy section */
		2FD75B6E13F53C22004C462F /* PBXContainerItemProxy */ = {
			isa = PBXContainerItemProxy;
			containerPortal = 2FD75B4313F53C22004C462F /* facebook-ios-sdk.xcodeproj */;
			proxyType = 2;
			remoteGlobalIDString = D2AAC07E0554694100DB518D;
			remoteInfo = "facebook-ios-sdk";
		};
/* End PBXContainerItemProxy section */

/* Begin PBXFileReference section */
		1D30AB110D05D00D00671497 /* Foundation.framework */ = {isa = PBXFileReference; lastKnownFileType = wrapper.framework; name = Foundation.framework; path = System/Library/Frameworks/Foundation.framework; sourceTree = SDKROOT; };
		1D3623240D0F684500981E51 /* FacebookConnectAppDelegate.h */ = {isa = PBXFileReference; fileEncoding = 4; lastKnownFileType = sourcecode.c.h; path = FacebookConnectAppDelegate.h; sourceTree = "<group>"; };
		1D3623250D0F684500981E51 /* FacebookConnectAppDelegate.m */ = {isa = PBXFileReference; fileEncoding = 4; lastKnownFileType = sourcecode.c.objc; path = FacebookConnectAppDelegate.m; sourceTree = "<group>"; };
		1D6058910D05DD3D006BFB54 /* FacebookConnect.app */ = {isa = PBXFileReference; explicitFileType = wrapper.application; includeInIndex = 0; path = FacebookConnect.app; sourceTree = BUILT_PRODUCTS_DIR; };
		1DF5F4DF0D08C38300B7A737 /* UIKit.framework */ = {isa = PBXFileReference; lastKnownFileType = wrapper.framework; name = UIKit.framework; path = System/Library/Frameworks/UIKit.framework; sourceTree = SDKROOT; };
		2892E40F0DC94CBA00A64D0F /* CoreGraphics.framework */ = {isa = PBXFileReference; lastKnownFileType = wrapper.framework; name = CoreGraphics.framework; path = System/Library/Frameworks/CoreGraphics.framework; sourceTree = SDKROOT; };
		28A0AAE50D9B0CCF005BE974 /* FacebookConnect_Prefix.pch */ = {isa = PBXFileReference; fileEncoding = 4; lastKnownFileType = sourcecode.c.h; path = FacebookConnect_Prefix.pch; sourceTree = "<group>"; };
		28AD735F0D9D9599002E5188 /* MainWindow.xib */ = {isa = PBXFileReference; lastKnownFileType = file.xib; path = MainWindow.xib; sourceTree = "<group>"; };
		28C286DF0D94DF7D0034E888 /* RootViewController.h */ = {isa = PBXFileReference; fileEncoding = 4; lastKnownFileType = sourcecode.c.h; path = RootViewController.h; sourceTree = "<group>"; };
		28C286E00D94DF7D0034E888 /* RootViewController.m */ = {isa = PBXFileReference; fileEncoding = 4; lastKnownFileType = sourcecode.c.objc; path = RootViewController.m; sourceTree = "<group>"; };
		28F335F01007B36200424DE2 /* RootViewController.xib */ = {isa = PBXFileReference; lastKnownFileType = file.xib; path = RootViewController.xib; sourceTree = "<group>"; };
		29B97316FDCFA39411CA2CEA /* main.m */ = {isa = PBXFileReference; fileEncoding = 4; lastKnownFileType = sourcecode.c.objc; path = main.m; sourceTree = "<group>"; };
		2F59CC5713FA8B7100DBA74E /* not_there.jpg */ = {isa = PBXFileReference; lastKnownFileType = image.jpeg; path = not_there.jpg; sourceTree = "<group>"; };
		2FD75B4313F53C22004C462F /* facebook-ios-sdk.xcodeproj */ = {isa = PBXFileReference; lastKnownFileType = "wrapper.pb-project"; path = "facebook-ios-sdk.xcodeproj"; sourceTree = "<group>"; };
		2FD75B4613F53C22004C462F /* Facebook.h */ = {isa = PBXFileReference; fileEncoding = 4; lastKnownFileType = sourcecode.c.h; path = Facebook.h; sourceTree = "<group>"; };
		2FD75B4713F53C22004C462F /* Facebook.m */ = {isa = PBXFileReference; fileEncoding = 4; lastKnownFileType = sourcecode.c.objc; path = Facebook.m; sourceTree = "<group>"; };
		2FD75B4813F53C22004C462F /* facebook_ios_sdk_Prefix.pch */ = {isa = PBXFileReference; fileEncoding = 4; lastKnownFileType = sourcecode.c.h; path = facebook_ios_sdk_Prefix.pch; sourceTree = "<group>"; };
		2FD75B4913F53C22004C462F /* FBConnect.h */ = {isa = PBXFileReference; fileEncoding = 4; lastKnownFileType = sourcecode.c.h; path = FBConnect.h; sourceTree = "<group>"; };
		2FD75B4A13F53C22004C462F /* FBDialog.bundle */ = {isa = PBXFileReference; lastKnownFileType = "wrapper.plug-in"; path = FBDialog.bundle; sourceTree = "<group>"; };
		2FD75B4B13F53C22004C462F /* FBDialog.h */ = {isa = PBXFileReference; fileEncoding = 4; lastKnownFileType = sourcecode.c.h; path = FBDialog.h; sourceTree = "<group>"; };
		2FD75B4C13F53C22004C462F /* FBDialog.m */ = {isa = PBXFileReference; fileEncoding = 4; lastKnownFileType = sourcecode.c.objc; path = FBDialog.m; sourceTree = "<group>"; };
		2FD75B4D13F53C22004C462F /* FBLoginDialog.h */ = {isa = PBXFileReference; fileEncoding = 4; lastKnownFileType = sourcecode.c.h; path = FBLoginDialog.h; sourceTree = "<group>"; };
		2FD75B4E13F53C22004C462F /* FBLoginDialog.m */ = {isa = PBXFileReference; fileEncoding = 4; lastKnownFileType = sourcecode.c.objc; path = FBLoginDialog.m; sourceTree = "<group>"; };
		2FD75B4F13F53C22004C462F /* FBRequest.h */ = {isa = PBXFileReference; fileEncoding = 4; lastKnownFileType = sourcecode.c.h; path = FBRequest.h; sourceTree = "<group>"; };
		2FD75B5013F53C22004C462F /* FBRequest.m */ = {isa = PBXFileReference; fileEncoding = 4; lastKnownFileType = sourcecode.c.objc; path = FBRequest.m; sourceTree = "<group>"; };
		2FD75B5213F53C22004C462F /* JSON.h */ = {isa = PBXFileReference; fileEncoding = 4; lastKnownFileType = sourcecode.c.h; path = JSON.h; sourceTree = "<group>"; };
		2FD75B5313F53C22004C462F /* NSObject+SBJSON.h */ = {isa = PBXFileReference; fileEncoding = 4; lastKnownFileType = sourcecode.c.h; path = "NSObject+SBJSON.h"; sourceTree = "<group>"; };
		2FD75B5413F53C22004C462F /* NSObject+SBJSON.m */ = {isa = PBXFileReference; fileEncoding = 4; lastKnownFileType = sourcecode.c.objc; path = "NSObject+SBJSON.m"; sourceTree = "<group>"; };
		2FD75B5513F53C22004C462F /* NSString+SBJSON.h */ = {isa = PBXFileReference; fileEncoding = 4; lastKnownFileType = sourcecode.c.h; path = "NSString+SBJSON.h"; sourceTree = "<group>"; };
		2FD75B5613F53C22004C462F /* NSString+SBJSON.m */ = {isa = PBXFileReference; fileEncoding = 4; lastKnownFileType = sourcecode.c.objc; path = "NSString+SBJSON.m"; sourceTree = "<group>"; };
		2FD75B5713F53C22004C462F /* SBJSON.h */ = {isa = PBXFileReference; fileEncoding = 4; lastKnownFileType = sourcecode.c.h; path = SBJSON.h; sourceTree = "<group>"; };
		2FD75B5813F53C22004C462F /* SBJSON.m */ = {isa = PBXFileReference; fileEncoding = 4; lastKnownFileType = sourcecode.c.objc; path = SBJSON.m; sourceTree = "<group>"; };
		2FD75B5913F53C22004C462F /* SBJsonBase.h */ = {isa = PBXFileReference; fileEncoding = 4; lastKnownFileType = sourcecode.c.h; path = SBJsonBase.h; sourceTree = "<group>"; };
		2FD75B5A13F53C22004C462F /* SBJsonBase.m */ = {isa = PBXFileReference; fileEncoding = 4; lastKnownFileType = sourcecode.c.objc; path = SBJsonBase.m; sourceTree = "<group>"; };
		2FD75B5B13F53C22004C462F /* SBJsonParser.h */ = {isa = PBXFileReference; fileEncoding = 4; lastKnownFileType = sourcecode.c.h; path = SBJsonParser.h; sourceTree = "<group>"; };
		2FD75B5C13F53C22004C462F /* SBJsonParser.m */ = {isa = PBXFileReference; fileEncoding = 4; lastKnownFileType = sourcecode.c.objc; path = SBJsonParser.m; sourceTree = "<group>"; };
		2FD75B5D13F53C22004C462F /* SBJsonWriter.h */ = {isa = PBXFileReference; fileEncoding = 4; lastKnownFileType = sourcecode.c.h; path = SBJsonWriter.h; sourceTree = "<group>"; };
		2FD75B5E13F53C22004C462F /* SBJsonWriter.m */ = {isa = PBXFileReference; fileEncoding = 4; lastKnownFileType = sourcecode.c.objc; path = SBJsonWriter.m; sourceTree = "<group>"; };
		2FD75DD713FA49D8004C462F /* AsynchronousImageDownloader.h */ = {isa = PBXFileReference; fileEncoding = 4; lastKnownFileType = sourcecode.c.h; path = AsynchronousImageDownloader.h; sourceTree = "<group>"; };
		2FD75DD813FA49D8004C462F /* AsynchronousImageDownloader.m */ = {isa = PBXFileReference; fileEncoding = 4; lastKnownFileType = sourcecode.c.objc; path = AsynchronousImageDownloader.m; sourceTree = "<group>"; };
		8D1107310486CEB800E47090 /* FacebookConnect-Info.plist */ = {isa = PBXFileReference; fileEncoding = 4; lastKnownFileType = text.plist.xml; path = "FacebookConnect-Info.plist"; plistStructureDefinitionIdentifier = "com.apple.xcode.plist.structure-definition.iphone.info-plist"; sourceTree = "<group>"; };
/* End PBXFileReference section */

/* Begin PBXFrameworksBuildPhase section */
		1D60588F0D05DD3D006BFB54 /* Frameworks */ = {
			isa = PBXFrameworksBuildPhase;
			buildActionMask = 2147483647;
			files = (
				1D60589F0D05DD5A006BFB54 /* Foundation.framework in Frameworks */,
				1DF5F4E00D08C38300B7A737 /* UIKit.framework in Frameworks */,
				2892E4100DC94CBA00A64D0F /* CoreGraphics.framework in Frameworks */,
			);
			runOnlyForDeploymentPostprocessing = 0;
		};
/* End PBXFrameworksBuildPhase section */

/* Begin PBXGroup section */
		080E96DDFE201D6D7F000001 /* Classes */ = {
			isa = PBXGroup;
			children = (
				2FD75B4213F53C22004C462F /* Facebook Connect */,
				2FD75DD713FA49D8004C462F /* AsynchronousImageDownloader.h */,
				2FD75DD813FA49D8004C462F /* AsynchronousImageDownloader.m */,
				28C286DF0D94DF7D0034E888 /* RootViewController.h */,
				28C286E00D94DF7D0034E888 /* RootViewController.m */,
				1D3623240D0F684500981E51 /* FacebookConnectAppDelegate.h */,
				1D3623250D0F684500981E51 /* FacebookConnectAppDelegate.m */,
			);
			path = Classes;
			sourceTree = "<group>";
		};
		19C28FACFE9D520D11CA2CBB /* Products */ = {
			isa = PBXGroup;
			children = (
				1D6058910D05DD3D006BFB54 /* FacebookConnect.app */,
			);
			name = Products;
			sourceTree = "<group>";
		};
		29B97314FDCFA39411CA2CEA /* CustomTemplate */ = {
			isa = PBXGroup;
			children = (
				080E96DDFE201D6D7F000001 /* Classes */,
				29B97315FDCFA39411CA2CEA /* Other Sources */,
				29B97317FDCFA39411CA2CEA /* Resources */,
				29B97323FDCFA39411CA2CEA /* Frameworks */,
				19C28FACFE9D520D11CA2CBB /* Products */,
			);
			name = CustomTemplate;
			sourceTree = "<group>";
		};
		29B97315FDCFA39411CA2CEA /* Other Sources */ = {
			isa = PBXGroup;
			children = (
				28A0AAE50D9B0CCF005BE974 /* FacebookConnect_Prefix.pch */,
				29B97316FDCFA39411CA2CEA /* main.m */,
			);
			name = "Other Sources";
			sourceTree = "<group>";
		};
		29B97317FDCFA39411CA2CEA /* Resources */ = {
			isa = PBXGroup;
			children = (
				28F335F01007B36200424DE2 /* RootViewController.xib */,
				28AD735F0D9D9599002E5188 /* MainWindow.xib */,
				8D1107310486CEB800E47090 /* FacebookConnect-Info.plist */,
			);
			name = Resources;
			sourceTree = "<group>";
		};
		29B97323FDCFA39411CA2CEA /* Frameworks */ = {
			isa = PBXGroup;
			children = (
				1DF5F4DF0D08C38300B7A737 /* UIKit.framework */,
				1D30AB110D05D00D00671497 /* Foundation.framework */,
				2892E40F0DC94CBA00A64D0F /* CoreGraphics.framework */,
			);
			name = Frameworks;
			sourceTree = "<group>";
		};
		2FD75B4213F53C22004C462F /* Facebook Connect */ = {
			isa = PBXGroup;
			children = (
				2F59CC5713FA8B7100DBA74E /* not_there.jpg */,
				2FD75B4313F53C22004C462F /* facebook-ios-sdk.xcodeproj */,
				2FD75B4613F53C22004C462F /* Facebook.h */,
				2FD75B4713F53C22004C462F /* Facebook.m */,
				2FD75B4813F53C22004C462F /* facebook_ios_sdk_Prefix.pch */,
				2FD75B4913F53C22004C462F /* FBConnect.h */,
				2FD75B4A13F53C22004C462F /* FBDialog.bundle */,
				2FD75B4B13F53C22004C462F /* FBDialog.h */,
				2FD75B4C13F53C22004C462F /* FBDialog.m */,
				2FD75B4D13F53C22004C462F /* FBLoginDialog.h */,
				2FD75B4E13F53C22004C462F /* FBLoginDialog.m */,
				2FD75B4F13F53C22004C462F /* FBRequest.h */,
				2FD75B5013F53C22004C462F /* FBRequest.m */,
				2FD75B5113F53C22004C462F /* JSON */,
			);
			name = "Facebook Connect";
			path = "../../../facebook-ios-sdk/src";
			sourceTree = SOURCE_ROOT;
		};
		2FD75B4413F53C22004C462F /* Products */ = {
			isa = PBXGroup;
			children = (
				2FD75B6F13F53C22004C462F /* libfacebook_ios_sdk.a */,
			);
			name = Products;
			sourceTree = "<group>";
		};
		2FD75B5113F53C22004C462F /* JSON */ = {
			isa = PBXGroup;
			children = (
				2FD75B5213F53C22004C462F /* JSON.h */,
				2FD75B5313F53C22004C462F /* NSObject+SBJSON.h */,
				2FD75B5413F53C22004C462F /* NSObject+SBJSON.m */,
				2FD75B5513F53C22004C462F /* NSString+SBJSON.h */,
				2FD75B5613F53C22004C462F /* NSString+SBJSON.m */,
				2FD75B5713F53C22004C462F /* SBJSON.h */,
				2FD75B5813F53C22004C462F /* SBJSON.m */,
				2FD75B5913F53C22004C462F /* SBJsonBase.h */,
				2FD75B5A13F53C22004C462F /* SBJsonBase.m */,
				2FD75B5B13F53C22004C462F /* SBJsonParser.h */,
				2FD75B5C13F53C22004C462F /* SBJsonParser.m */,
				2FD75B5D13F53C22004C462F /* SBJsonWriter.h */,
				2FD75B5E13F53C22004C462F /* SBJsonWriter.m */,
			);
			path = JSON;
			sourceTree = "<group>";
		};
/* End PBXGroup section */

/* Begin PBXNativeTarget section */
		1D6058900D05DD3D006BFB54 /* FacebookConnect */ = {
			isa = PBXNativeTarget;
			buildConfigurationList = 1D6058960D05DD3E006BFB54 /* Build configuration list for PBXNativeTarget "FacebookConnect" */;
			buildPhases = (
				1D60588D0D05DD3D006BFB54 /* Resources */,
				1D60588E0D05DD3D006BFB54 /* Sources */,
				1D60588F0D05DD3D006BFB54 /* Frameworks */,
			);
			buildRules = (
			);
			dependencies = (
			);
			name = FacebookConnect;
			productName = FacebookConnect;
			productReference = 1D6058910D05DD3D006BFB54 /* FacebookConnect.app */;
			productType = "com.apple.product-type.application";
		};
/* End PBXNativeTarget section */

/* Begin PBXProject section */
		29B97313FDCFA39411CA2CEA /* Project object */ = {
			isa = PBXProject;
			buildConfigurationList = C01FCF4E08A954540054247B /* Build configuration list for PBXProject "FacebookConnect" */;
			compatibilityVersion = "Xcode 3.2";
			developmentRegion = English;
			hasScannedForEncodings = 1;
			knownRegions = (
				English,
				Japanese,
				French,
				German,
				en,
			);
			mainGroup = 29B97314FDCFA39411CA2CEA /* CustomTemplate */;
			projectDirPath = "";
			projectReferences = (
				{
					ProductGroup = 2FD75B4413F53C22004C462F /* Products */;
					ProjectRef = 2FD75B4313F53C22004C462F /* facebook-ios-sdk.xcodeproj */;
				},
			);
			projectRoot = "";
			targets = (
				1D6058900D05DD3D006BFB54 /* FacebookConnect */,
			);
		};
/* End PBXProject section */

/* Begin PBXReferenceProxy section */
		2FD75B6F13F53C22004C462F /* libfacebook_ios_sdk.a */ = {
			isa = PBXReferenceProxy;
			fileType = archive.ar;
			path = libfacebook_ios_sdk.a;
			remoteRef = 2FD75B6E13F53C22004C462F /* PBXContainerItemProxy */;
			sourceTree = BUILT_PRODUCTS_DIR;
		};
/* End PBXReferenceProxy section */

/* Begin PBXResourcesBuildPhase section */
		1D60588D0D05DD3D006BFB54 /* Resources */ = {
			isa = PBXResourcesBuildPhase;
			buildActionMask = 2147483647;
			files = (
				28AD73600D9D9599002E5188 /* MainWindow.xib in Resources */,
				28F335F11007B36200424DE2 /* RootViewController.xib in Resources */,
				2FD75B6013F53C22004C462F /* FBDialog.bundle in Resources */,
				2F59CC5813FA8B7100DBA74E /* not_there.jpg in Resources */,
			);
			runOnlyForDeploymentPostprocessing = 0;
		};
/* End PBXResourcesBuildPhase section */

/* Begin PBXSourcesBuildPhase section */
		1D60588E0D05DD3D006BFB54 /* Sources */ = {
			isa = PBXSourcesBuildPhase;
			buildActionMask = 2147483647;
			files = (
				1D60589B0D05DD56006BFB54 /* main.m in Sources */,
				1D3623260D0F684500981E51 /* FacebookConnectAppDelegate.m in Sources */,
				28C286E10D94DF7D0034E888 /* RootViewController.m in Sources */,
				2FD75B5F13F53C22004C462F /* Facebook.m in Sources */,
				2FD75B6113F53C22004C462F /* FBDialog.m in Sources */,
				2FD75B6213F53C22004C462F /* FBLoginDialog.m in Sources */,
				2FD75B6313F53C22004C462F /* FBRequest.m in Sources */,
				2FD75B6413F53C22004C462F /* NSObject+SBJSON.m in Sources */,
				2FD75B6513F53C22004C462F /* NSString+SBJSON.m in Sources */,
				2FD75B6613F53C22004C462F /* SBJSON.m in Sources */,
				2FD75B6713F53C22004C462F /* SBJsonBase.m in Sources */,
				2FD75B6813F53C22004C462F /* SBJsonParser.m in Sources */,
				2FD75B6913F53C22004C462F /* SBJsonWriter.m in Sources */,
				2FD75DD913FA49D8004C462F /* AsynchronousImageDownloader.m in Sources */,
			);
			runOnlyForDeploymentPostprocessing = 0;
		};
/* End PBXSourcesBuildPhase section */

/* Begin XCBuildConfiguration section */
		1D6058940D05DD3E006BFB54 /* Debug */ = {
			isa = XCBuildConfiguration;
			buildSettings = {
				ALWAYS_SEARCH_USER_PATHS = NO;
				COPY_PHASE_STRIP = NO;
				GCC_DYNAMIC_NO_PIC = NO;
				GCC_OPTIMIZATION_LEVEL = 0;
				GCC_PRECOMPILE_PREFIX_HEADER = YES;
				GCC_PREFIX_HEADER = FacebookConnect_Prefix.pch;
				INFOPLIST_FILE = "FacebookConnect-Info.plist";
				PRODUCT_NAME = FacebookConnect;
			};
			name = Debug;
		};
		1D6058950D05DD3E006BFB54 /* Release */ = {
			isa = XCBuildConfiguration;
			buildSettings = {
				ALWAYS_SEARCH_USER_PATHS = NO;
				COPY_PHASE_STRIP = YES;
				GCC_PRECOMPILE_PREFIX_HEADER = YES;
				GCC_PREFIX_HEADER = FacebookConnect_Prefix.pch;
				INFOPLIST_FILE = "FacebookConnect-Info.plist";
				PRODUCT_NAME = FacebookConnect;
				VALIDATE_PRODUCT = YES;
			};
			name = Release;
		};
		C01FCF4F08A954540054247B /* Debug */ = {
			isa = XCBuildConfiguration;
			buildSettings = {
				ARCHS = "$(ARCHS_STANDARD_32_BIT)";
				"CODE_SIGN_IDENTITY[sdk=iphoneos*]" = "iPhone Developer";
				GCC_C_LANGUAGE_STANDARD = c99;
				GCC_WARN_ABOUT_RETURN_TYPE = YES;
				GCC_WARN_UNUSED_VARIABLE = YES;
				PREBINDING = NO;
				SDKROOT = iphoneos;
			};
			name = Debug;
		};
		C01FCF5008A954540054247B /* Release */ = {
			isa = XCBuildConfiguration;
			buildSettings = {
				ARCHS = "$(ARCHS_STANDARD_32_BIT)";
				"CODE_SIGN_IDENTITY[sdk=iphoneos*]" = "iPhone Developer";
				GCC_C_LANGUAGE_STANDARD = c99;
				GCC_WARN_ABOUT_RETURN_TYPE = YES;
				GCC_WARN_UNUSED_VARIABLE = YES;
				OTHER_CFLAGS = "-DNS_BLOCK_ASSERTIONS=1";
				PREBINDING = NO;
				SDKROOT = iphoneos;
			};
			name = Release;
		};
/* End XCBuildConfiguration section */

/* Begin XCConfigurationList section */
		1D6058960D05DD3E006BFB54 /* Build configuration list for PBXNativeTarget "FacebookConnect" */ = {
			isa = XCConfigurationList;
			buildConfigurations = (
				1D6058940D05DD3E006BFB54 /* Debug */,
				1D6058950D05DD3E006BFB54 /* Release */,
			);
			defaultConfigurationIsVisible = 0;
			defaultConfigurationName = Release;
		};
		C01FCF4E08A954540054247B /* Build configuration list for PBXProject "FacebookConnect" */ = {
			isa = XCConfigurationList;
			buildConfigurations = (
				C01FCF4F08A954540054247B /* Debug */,
				C01FCF5008A954540054247B /* Release */,
			);
			defaultConfigurationIsVisible = 0;
			defaultConfigurationName = Release;
		};
/* End XCConfigurationList section */
	};
	rootObject = 29B97313FDCFA39411CA2CEA /* Project object */;
}
